// !$*UTF8*$!
{
	archiveVersion = 1;
	classes = {
	};
	objectVersion = 50;
	objects = {

/* Begin PBXBuildFile section */
		5B6709CD24A395E200C4D1D7 /* WidgetTestingApp.swift in Sources */ = {isa = PBXBuildFile; fileRef = 5B6709CC24A395E200C4D1D7 /* WidgetTestingApp.swift */; };
		5B6709CF24A395E200C4D1D7 /* ContentView.swift in Sources */ = {isa = PBXBuildFile; fileRef = 5B6709CE24A395E200C4D1D7 /* ContentView.swift */; };
		5B6709D124A395E400C4D1D7 /* Assets.xcassets in Resources */ = {isa = PBXBuildFile; fileRef = 5B6709D024A395E400C4D1D7 /* Assets.xcassets */; };
		5B6709D424A395E400C4D1D7 /* Preview Assets.xcassets in Resources */ = {isa = PBXBuildFile; fileRef = 5B6709D324A395E400C4D1D7 /* Preview Assets.xcassets */; };
		5B6709E224A3960000C4D1D7 /* WidgetKit.framework in Frameworks */ = {isa = PBXBuildFile; fileRef = 5B6709E124A3960000C4D1D7 /* WidgetKit.framework */; };
		5B6709E424A3960000C4D1D7 /* SwiftUI.framework in Frameworks */ = {isa = PBXBuildFile; fileRef = 5B6709E324A3960000C4D1D7 /* SwiftUI.framework */; };
		5B6709E724A3960000C4D1D7 /* TestWidget.swift in Sources */ = {isa = PBXBuildFile; fileRef = 5B6709E624A3960000C4D1D7 /* TestWidget.swift */; };
		5B6709E924A3960100C4D1D7 /* Assets.xcassets in Resources */ = {isa = PBXBuildFile; fileRef = 5B6709E824A3960100C4D1D7 /* Assets.xcassets */; };
		5B6709ED24A3960100C4D1D7 /* TestWidgetExtension.appex in Embed App Extensions */ = {isa = PBXBuildFile; fileRef = 5B6709DF24A3960000C4D1D7 /* TestWidgetExtension.appex */; settings = {ATTRIBUTES = (RemoveHeadersOnCopy, ); }; };
/* End PBXBuildFile section */

/* Begin PBXContainerItemProxy section */
		5B6709EB24A3960100C4D1D7 /* PBXContainerItemProxy */ = {
			isa = PBXContainerItemProxy;
			containerPortal = 5B6709C124A395E200C4D1D7 /* Project object */;
			proxyType = 1;
			remoteGlobalIDString = 5B6709DE24A3960000C4D1D7;
			remoteInfo = TestWidgetExtension;
		};
/* End PBXContainerItemProxy section */

/* Begin PBXCopyFilesBuildPhase section */
		5B6709F124A3960100C4D1D7 /* Embed App Extensions */ = {
			isa = PBXCopyFilesBuildPhase;
			buildActionMask = 2147483647;
			dstPath = "";
			dstSubfolderSpec = 13;
			files = (
				5B6709ED24A3960100C4D1D7 /* TestWidgetExtension.appex in Embed App Extensions */,
			);
			name = "Embed App Extensions";
			runOnlyForDeploymentPostprocessing = 0;
		};
/* End PBXCopyFilesBuildPhase section */

/* Begin PBXFileReference section */
		5B6709C924A395E200C4D1D7 /* WidgetTesting.app */ = {isa = PBXFileReference; explicitFileType = wrapper.application; includeInIndex = 0; path = WidgetTesting.app; sourceTree = BUILT_PRODUCTS_DIR; };
		5B6709CC24A395E200C4D1D7 /* WidgetTestingApp.swift */ = {isa = PBXFileReference; lastKnownFileType = sourcecode.swift; path = WidgetTestingApp.swift; sourceTree = "<group>"; };
		5B6709CE24A395E200C4D1D7 /* ContentView.swift */ = {isa = PBXFileReference; lastKnownFileType = sourcecode.swift; path = ContentView.swift; sourceTree = "<group>"; };
		5B6709D024A395E400C4D1D7 /* Assets.xcassets */ = {isa = PBXFileReference; lastKnownFileType = folder.assetcatalog; path = Assets.xcassets; sourceTree = "<group>"; };
		5B6709D324A395E400C4D1D7 /* Preview Assets.xcassets */ = {isa = PBXFileReference; lastKnownFileType = folder.assetcatalog; path = "Preview Assets.xcassets"; sourceTree = "<group>"; };
		5B6709D524A395E400C4D1D7 /* Info.plist */ = {isa = PBXFileReference; lastKnownFileType = text.plist.xml; path = Info.plist; sourceTree = "<group>"; };
		5B6709DF24A3960000C4D1D7 /* TestWidgetExtension.appex */ = {isa = PBXFileReference; explicitFileType = "wrapper.app-extension"; includeInIndex = 0; path = TestWidgetExtension.appex; sourceTree = BUILT_PRODUCTS_DIR; };
		5B6709E124A3960000C4D1D7 /* WidgetKit.framework */ = {isa = PBXFileReference; lastKnownFileType = wrapper.framework; name = WidgetKit.framework; path = System/Library/Frameworks/WidgetKit.framework; sourceTree = SDKROOT; };
		5B6709E324A3960000C4D1D7 /* SwiftUI.framework */ = {isa = PBXFileReference; lastKnownFileType = wrapper.framework; name = SwiftUI.framework; path = System/Library/Frameworks/SwiftUI.framework; sourceTree = SDKROOT; };
		5B6709E624A3960000C4D1D7 /* TestWidget.swift */ = {isa = PBXFileReference; lastKnownFileType = sourcecode.swift; path = TestWidget.swift; sourceTree = "<group>"; };
		5B6709E824A3960100C4D1D7 /* Assets.xcassets */ = {isa = PBXFileReference; lastKnownFileType = folder.assetcatalog; path = Assets.xcassets; sourceTree = "<group>"; };
		5B6709EA24A3960100C4D1D7 /* Info.plist */ = {isa = PBXFileReference; lastKnownFileType = text.plist.xml; path = Info.plist; sourceTree = "<group>"; };
/* End PBXFileReference section */

/* Begin PBXFrameworksBuildPhase section */
		5B6709C624A395E200C4D1D7 /* Frameworks */ = {
			isa = PBXFrameworksBuildPhase;
			buildActionMask = 2147483647;
			files = (
			);
			runOnlyForDeploymentPostprocessing = 0;
		};
		5B6709DC24A3960000C4D1D7 /* Frameworks */ = {
			isa = PBXFrameworksBuildPhase;
			buildActionMask = 2147483647;
			files = (
				5B6709E424A3960000C4D1D7 /* SwiftUI.framework in Frameworks */,
				5B6709E224A3960000C4D1D7 /* WidgetKit.framework in Frameworks */,
			);
			runOnlyForDeploymentPostprocessing = 0;
		};
/* End PBXFrameworksBuildPhase section */

/* Begin PBXGroup section */
		5B6709C024A395E200C4D1D7 = {
			isa = PBXGroup;
			children = (
				5B6709CB24A395E200C4D1D7 /* WidgetTesting */,
				5B6709E524A3960000C4D1D7 /* TestWidget */,
				5B6709E024A3960000C4D1D7 /* Frameworks */,
				5B6709CA24A395E200C4D1D7 /* Products */,
			);
			sourceTree = "<group>";
		};
		5B6709CA24A395E200C4D1D7 /* Products */ = {
			isa = PBXGroup;
			children = (
				5B6709C924A395E200C4D1D7 /* WidgetTesting.app */,
				5B6709DF24A3960000C4D1D7 /* TestWidgetExtension.appex */,
			);
			name = Products;
			sourceTree = "<group>";
		};
		5B6709CB24A395E200C4D1D7 /* WidgetTesting */ = {
			isa = PBXGroup;
			children = (
				5B6709CC24A395E200C4D1D7 /* WidgetTestingApp.swift */,
				5B6709CE24A395E200C4D1D7 /* ContentView.swift */,
				5B6709D024A395E400C4D1D7 /* Assets.xcassets */,
				5B6709D524A395E400C4D1D7 /* Info.plist */,
				5B6709D224A395E400C4D1D7 /* Preview Content */,
			);
			path = WidgetTesting;
			sourceTree = "<group>";
		};
		5B6709D224A395E400C4D1D7 /* Preview Content */ = {
			isa = PBXGroup;
			children = (
				5B6709D324A395E400C4D1D7 /* Preview Assets.xcassets */,
			);
			path = "Preview Content";
			sourceTree = "<group>";
		};
		5B6709E024A3960000C4D1D7 /* Frameworks */ = {
			isa = PBXGroup;
			children = (
				5B6709E124A3960000C4D1D7 /* WidgetKit.framework */,
				5B6709E324A3960000C4D1D7 /* SwiftUI.framework */,
			);
			name = Frameworks;
			sourceTree = "<group>";
		};
		5B6709E524A3960000C4D1D7 /* TestWidget */ = {
			isa = PBXGroup;
			children = (
				5B6709E624A3960000C4D1D7 /* TestWidget.swift */,
				5B6709E824A3960100C4D1D7 /* Assets.xcassets */,
				5B6709EA24A3960100C4D1D7 /* Info.plist */,
			);
			path = TestWidget;
			sourceTree = "<group>";
		};
/* End PBXGroup section */

/* Begin PBXNativeTarget section */
		5B6709C824A395E200C4D1D7 /* WidgetTesting */ = {
			isa = PBXNativeTarget;
			buildConfigurationList = 5B6709D824A395E400C4D1D7 /* Build configuration list for PBXNativeTarget "WidgetTesting" */;
			buildPhases = (
				5B6709C524A395E200C4D1D7 /* Sources */,
				5B6709C624A395E200C4D1D7 /* Frameworks */,
				5B6709C724A395E200C4D1D7 /* Resources */,
				5B6709F124A3960100C4D1D7 /* Embed App Extensions */,
			);
			buildRules = (
			);
			dependencies = (
				5B6709EC24A3960100C4D1D7 /* PBXTargetDependency */,
			);
			name = WidgetTesting;
			productName = WidgetTesting;
			productReference = 5B6709C924A395E200C4D1D7 /* WidgetTesting.app */;
			productType = "com.apple.product-type.application";
		};
		5B6709DE24A3960000C4D1D7 /* TestWidgetExtension */ = {
			isa = PBXNativeTarget;
			buildConfigurationList = 5B6709EE24A3960100C4D1D7 /* Build configuration list for PBXNativeTarget "TestWidgetExtension" */;
			buildPhases = (
				5B6709DB24A3960000C4D1D7 /* Sources */,
				5B6709DC24A3960000C4D1D7 /* Frameworks */,
				5B6709DD24A3960000C4D1D7 /* Resources */,
			);
			buildRules = (
			);
			dependencies = (
			);
			name = TestWidgetExtension;
			productName = TestWidgetExtension;
			productReference = 5B6709DF24A3960000C4D1D7 /* TestWidgetExtension.appex */;
			productType = "com.apple.product-type.app-extension";
		};
/* End PBXNativeTarget section */

/* Begin PBXProject section */
		5B6709C124A395E200C4D1D7 /* Project object */ = {
			isa = PBXProject;
			attributes = {
				LastSwiftUpdateCheck = 1200;
				LastUpgradeCheck = 1200;
				TargetAttributes = {
					5B6709C824A395E200C4D1D7 = {
						CreatedOnToolsVersion = 12.0;
					};
					5B6709DE24A3960000C4D1D7 = {
						CreatedOnToolsVersion = 12.0;
					};
				};
			};
			buildConfigurationList = 5B6709C424A395E200C4D1D7 /* Build configuration list for PBXProject "WidgetTesting" */;
			compatibilityVersion = "Xcode 9.3";
			developmentRegion = en;
			hasScannedForEncodings = 0;
			knownRegions = (
				en,
				Base,
			);
			mainGroup = 5B6709C024A395E200C4D1D7;
			productRefGroup = 5B6709CA24A395E200C4D1D7 /* Products */;
			projectDirPath = "";
			projectRoot = "";
			targets = (
				5B6709C824A395E200C4D1D7 /* WidgetTesting */,
				5B6709DE24A3960000C4D1D7 /* TestWidgetExtension */,
			);
		};
/* End PBXProject section */

/* Begin PBXResourcesBuildPhase section */
		5B6709C724A395E200C4D1D7 /* Resources */ = {
			isa = PBXResourcesBuildPhase;
			buildActionMask = 2147483647;
			files = (
				5B6709D424A395E400C4D1D7 /* Preview Assets.xcassets in Resources */,
				5B6709D124A395E400C4D1D7 /* Assets.xcassets in Resources */,
			);
			runOnlyForDeploymentPostprocessing = 0;
		};
		5B6709DD24A3960000C4D1D7 /* Resources */ = {
			isa = PBXResourcesBuildPhase;
			buildActionMask = 2147483647;
			files = (
				5B6709E924A3960100C4D1D7 /* Assets.xcassets in Resources */,
			);
			runOnlyForDeploymentPostprocessing = 0;
		};
/* End PBXResourcesBuildPhase section */

/* Begin PBXSourcesBuildPhase section */
		5B6709C524A395E200C4D1D7 /* Sources */ = {
			isa = PBXSourcesBuildPhase;
			buildActionMask = 2147483647;
			files = (
				5B6709CF24A395E200C4D1D7 /* ContentView.swift in Sources */,
				5B6709CD24A395E200C4D1D7 /* WidgetTestingApp.swift in Sources */,
			);
			runOnlyForDeploymentPostprocessing = 0;
		};
		5B6709DB24A3960000C4D1D7 /* Sources */ = {
			isa = PBXSourcesBuildPhase;
			buildActionMask = 2147483647;
			files = (
				5B6709E724A3960000C4D1D7 /* TestWidget.swift in Sources */,
			);
			runOnlyForDeploymentPostprocessing = 0;
		};
/* End PBXSourcesBuildPhase section */

/* Begin PBXTargetDependency section */
		5B6709EC24A3960100C4D1D7 /* PBXTargetDependency */ = {
			isa = PBXTargetDependency;
			target = 5B6709DE24A3960000C4D1D7 /* TestWidgetExtension */;
			targetProxy = 5B6709EB24A3960100C4D1D7 /* PBXContainerItemProxy */;
		};
/* End PBXTargetDependency section */

/* Begin XCBuildConfiguration section */
		5B6709D624A395E400C4D1D7 /* Debug */ = {
			isa = XCBuildConfiguration;
			buildSettings = {
				ALWAYS_SEARCH_USER_PATHS = NO;
				CLANG_ANALYZER_NONNULL = YES;
				CLANG_ANALYZER_NUMBER_OBJECT_CONVERSION = YES_AGGRESSIVE;
				CLANG_CXX_LANGUAGE_STANDARD = "gnu++14";
				CLANG_CXX_LIBRARY = "libc++";
				CLANG_ENABLE_MODULES = YES;
				CLANG_ENABLE_OBJC_ARC = YES;
				CLANG_ENABLE_OBJC_WEAK = YES;
				CLANG_WARN_BLOCK_CAPTURE_AUTORELEASING = YES;
				CLANG_WARN_BOOL_CONVERSION = YES;
				CLANG_WARN_COMMA = YES;
				CLANG_WARN_CONSTANT_CONVERSION = YES;
				CLANG_WARN_DEPRECATED_OBJC_IMPLEMENTATIONS = YES;
				CLANG_WARN_DIRECT_OBJC_ISA_USAGE = YES_ERROR;
				CLANG_WARN_DOCUMENTATION_COMMENTS = YES;
				CLANG_WARN_EMPTY_BODY = YES;
				CLANG_WARN_ENUM_CONVERSION = YES;
				CLANG_WARN_INFINITE_RECURSION = YES;
				CLANG_WARN_INT_CONVERSION = YES;
				CLANG_WARN_NON_LITERAL_NULL_CONVERSION = YES;
				CLANG_WARN_OBJC_IMPLICIT_RETAIN_SELF = YES;
				CLANG_WARN_OBJC_LITERAL_CONVERSION = YES;
				CLANG_WARN_OBJC_ROOT_CLASS = YES_ERROR;
				CLANG_WARN_QUOTED_INCLUDE_IN_FRAMEWORK_HEADER = YES;
				CLANG_WARN_RANGE_LOOP_ANALYSIS = YES;
				CLANG_WARN_STRICT_PROTOTYPES = YES;
				CLANG_WARN_SUSPICIOUS_MOVE = YES;
				CLANG_WARN_UNGUARDED_AVAILABILITY = YES_AGGRESSIVE;
				CLANG_WARN_UNREACHABLE_CODE = YES;
				CLANG_WARN__DUPLICATE_METHOD_MATCH = YES;
				COPY_PHASE_STRIP = NO;
				DEBUG_INFORMATION_FORMAT = dwarf;
				ENABLE_STRICT_OBJC_MSGSEND = YES;
				ENABLE_TESTABILITY = YES;
				GCC_C_LANGUAGE_STANDARD = gnu11;
				GCC_DYNAMIC_NO_PIC = NO;
				GCC_NO_COMMON_BLOCKS = YES;
				GCC_OPTIMIZATION_LEVEL = 0;
				GCC_PREPROCESSOR_DEFINITIONS = (
					"DEBUG=1",
					"$(inherited)",
				);
				GCC_WARN_64_TO_32_BIT_CONVERSION = YES;
				GCC_WARN_ABOUT_RETURN_TYPE = YES_ERROR;
				GCC_WARN_UNDECLARED_SELECTOR = YES;
				GCC_WARN_UNINITIALIZED_AUTOS = YES_AGGRESSIVE;
				GCC_WARN_UNUSED_FUNCTION = YES;
				GCC_WARN_UNUSED_VARIABLE = YES;
				IPHONEOS_DEPLOYMENT_TARGET = 14.0;
				MTL_ENABLE_DEBUG_INFO = INCLUDE_SOURCE;
				MTL_FAST_MATH = YES;
				ONLY_ACTIVE_ARCH = YES;
				SDKROOT = iphoneos;
				SWIFT_ACTIVE_COMPILATION_CONDITIONS = DEBUG;
				SWIFT_OPTIMIZATION_LEVEL = "-Onone";
			};
			name = Debug;
		};
		5B6709D724A395E400C4D1D7 /* Release */ = {
			isa = XCBuildConfiguration;
			buildSettings = {
				ALWAYS_SEARCH_USER_PATHS = NO;
				CLANG_ANALYZER_NONNULL = YES;
				CLANG_ANALYZER_NUMBER_OBJECT_CONVERSION = YES_AGGRESSIVE;
				CLANG_CXX_LANGUAGE_STANDARD = "gnu++14";
				CLANG_CXX_LIBRARY = "libc++";
				CLANG_ENABLE_MODULES = YES;
				CLANG_ENABLE_OBJC_ARC = YES;
				CLANG_ENABLE_OBJC_WEAK = YES;
				CLANG_WARN_BLOCK_CAPTURE_AUTORELEASING = YES;
				CLANG_WARN_BOOL_CONVERSION = YES;
				CLANG_WARN_COMMA = YES;
				CLANG_WARN_CONSTANT_CONVERSION = YES;
				CLANG_WARN_DEPRECATED_OBJC_IMPLEMENTATIONS = YES;
				CLANG_WARN_DIRECT_OBJC_ISA_USAGE = YES_ERROR;
				CLANG_WARN_DOCUMENTATION_COMMENTS = YES;
				CLANG_WARN_EMPTY_BODY = YES;
				CLANG_WARN_ENUM_CONVERSION = YES;
				CLANG_WARN_INFINITE_RECURSION = YES;
				CLANG_WARN_INT_CONVERSION = YES;
				CLANG_WARN_NON_LITERAL_NULL_CONVERSION = YES;
				CLANG_WARN_OBJC_IMPLICIT_RETAIN_SELF = YES;
				CLANG_WARN_OBJC_LITERAL_CONVERSION = YES;
				CLANG_WARN_OBJC_ROOT_CLASS = YES_ERROR;
				CLANG_WARN_QUOTED_INCLUDE_IN_FRAMEWORK_HEADER = YES;
				CLANG_WARN_RANGE_LOOP_ANALYSIS = YES;
				CLANG_WARN_STRICT_PROTOTYPES = YES;
				CLANG_WARN_SUSPICIOUS_MOVE = YES;
				CLANG_WARN_UNGUARDED_AVAILABILITY = YES_AGGRESSIVE;
				CLANG_WARN_UNREACHABLE_CODE = YES;
				CLANG_WARN__DUPLICATE_METHOD_MATCH = YES;
				COPY_PHASE_STRIP = NO;
				DEBUG_INFORMATION_FORMAT = "dwarf-with-dsym";
				ENABLE_NS_ASSERTIONS = NO;
				ENABLE_STRICT_OBJC_MSGSEND = YES;
				GCC_C_LANGUAGE_STANDARD = gnu11;
				GCC_NO_COMMON_BLOCKS = YES;
				GCC_WARN_64_TO_32_BIT_CONVERSION = YES;
				GCC_WARN_ABOUT_RETURN_TYPE = YES_ERROR;
				GCC_WARN_UNDECLARED_SELECTOR = YES;
				GCC_WARN_UNINITIALIZED_AUTOS = YES_AGGRESSIVE;
				GCC_WARN_UNUSED_FUNCTION = YES;
				GCC_WARN_UNUSED_VARIABLE = YES;
				IPHONEOS_DEPLOYMENT_TARGET = 14.0;
				MTL_ENABLE_DEBUG_INFO = NO;
				MTL_FAST_MATH = YES;
				SDKROOT = iphoneos;
				SWIFT_COMPILATION_MODE = wholemodule;
				SWIFT_OPTIMIZATION_LEVEL = "-O";
				VALIDATE_PRODUCT = YES;
			};
			name = Release;
		};
		5B6709D924A395E400C4D1D7 /* Debug */ = {
			isa = XCBuildConfiguration;
			buildSettings = {
				ALWAYS_EMBED_SWIFT_STANDARD_LIBRARIES = YES;
				ASSETCATALOG_COMPILER_APPICON_NAME = AppIcon;
				ASSETCATALOG_COMPILER_GLOBAL_ACCENT_COLOR_NAME = AccentColor;
				CODE_SIGN_STYLE = Automatic;
				DEVELOPMENT_ASSET_PATHS = "\"WidgetTesting/Preview Content\"";
				DEVELOPMENT_TEAM = 4N8XDM4L7L;
				ENABLE_PREVIEWS = YES;
				INFOPLIST_FILE = WidgetTesting/Info.plist;
				IPHONEOS_DEPLOYMENT_TARGET = 14.0;
				LD_RUNPATH_SEARCH_PATHS = (
					"$(inherited)",
					"@executable_path/Frameworks",
				);
				PRODUCT_BUNDLE_IDENTIFIER = com.lahteenlahti.WidgetTesting;
				PRODUCT_NAME = "$(TARGET_NAME)";
				SWIFT_VERSION = 5.0;
				TARGETED_DEVICE_FAMILY = "1,2";
			};
			name = Debug;
		};
		5B6709DA24A395E400C4D1D7 /* Release */ = {
			isa = XCBuildConfiguration;
			buildSettings = {
				ALWAYS_EMBED_SWIFT_STANDARD_LIBRARIES = YES;
				ASSETCATALOG_COMPILER_APPICON_NAME = AppIcon;
				ASSETCATALOG_COMPILER_GLOBAL_ACCENT_COLOR_NAME = AccentColor;
				CODE_SIGN_STYLE = Automatic;
				DEVELOPMENT_ASSET_PATHS = "\"WidgetTesting/Preview Content\"";
				DEVELOPMENT_TEAM = 4N8XDM4L7L;
				ENABLE_PREVIEWS = YES;
				INFOPLIST_FILE = WidgetTesting/Info.plist;
				IPHONEOS_DEPLOYMENT_TARGET = 14.0;
				LD_RUNPATH_SEARCH_PATHS = (
					"$(inherited)",
					"@executable_path/Frameworks",
				);
				PRODUCT_BUNDLE_IDENTIFIER = com.lahteenlahti.WidgetTesting;
				PRODUCT_NAME = "$(TARGET_NAME)";
				SWIFT_VERSION = 5.0;
				TARGETED_DEVICE_FAMILY = "1,2";
			};
			name = Release;
		};
		5B6709EF24A3960100C4D1D7 /* Debug */ = {
			isa = XCBuildConfiguration;
			buildSettings = {
				ASSETCATALOG_COMPILER_GLOBAL_ACCENT_COLOR_NAME = AccentColor;
				ASSETCATALOG_COMPILER_WIDGET_BACKGROUND_COLOR_NAME = WidgetBackground;
				CODE_SIGN_STYLE = Automatic;
				DEVELOPMENT_TEAM = 4N8XDM4L7L;
				INFOPLIST_FILE = TestWidget/Info.plist;
				LD_RUNPATH_SEARCH_PATHS = (
					"$(inherited)",
					"@executable_path/Frameworks",
					"@executable_path/../../Frameworks",
				);
				PRODUCT_BUNDLE_IDENTIFIER = com.lahteenlahti.WidgetTesting.TestWidget;
				PRODUCT_NAME = "$(TARGET_NAME)";
				SKIP_INSTALL = YES;
				SWIFT_VERSION = 5.0;
				TARGETED_DEVICE_FAMILY = "1,2";
			};
			name = Debug;
		};
		5B6709F024A3960100C4D1D7 /* Release */ = {
			isa = XCBuildConfiguration;
			buildSettings = {
				ASSETCATALOG_COMPILER_GLOBAL_ACCENT_COLOR_NAME = AccentColor;
				ASSETCATALOG_COMPILER_WIDGET_BACKGROUND_COLOR_NAME = WidgetBackground;
				CODE_SIGN_STYLE = Automatic;
				DEVELOPMENT_TEAM = 4N8XDM4L7L;
				INFOPLIST_FILE = TestWidget/Info.plist;
				LD_RUNPATH_SEARCH_PATHS = (
					"$(inherited)",
					"@executable_path/Frameworks",
					"@executable_path/../../Frameworks",
				);
				PRODUCT_BUNDLE_IDENTIFIER = com.lahteenlahti.WidgetTesting.TestWidget;
				PRODUCT_NAME = "$(TARGET_NAME)";
				SKIP_INSTALL = YES;
				SWIFT_VERSION = 5.0;
				TARGETED_DEVICE_FAMILY = "1,2";
			};
			name = Release;
		};
/* End XCBuildConfiguration section */

/* Begin XCConfigurationList section */
		5B6709C424A395E200C4D1D7 /* Build configuration list for PBXProject "WidgetTesting" */ = {
			isa = XCConfigurationList;
			buildConfigurations = (
				5B6709D624A395E400C4D1D7 /* Debug */,
				5B6709D724A395E400C4D1D7 /* Release */,
			);
			defaultConfigurationIsVisible = 0;
			defaultConfigurationName = Release;
		};
		5B6709D824A395E400C4D1D7 /* Build configuration list for PBXNativeTarget "WidgetTesting" */ = {
			isa = XCConfigurationList;
			buildConfigurations = (
				5B6709D924A395E400C4D1D7 /* Debug */,
				5B6709DA24A395E400C4D1D7 /* Release */,
			);
			defaultConfigurationIsVisible = 0;
			defaultConfigurationName = Release;
		};
		5B6709EE24A3960100C4D1D7 /* Build configuration list for PBXNativeTarget "TestWidgetExtension" */ = {
			isa = XCConfigurationList;
			buildConfigurations = (
				5B6709EF24A3960100C4D1D7 /* Debug */,
				5B6709F024A3960100C4D1D7 /* Release */,
			);
			defaultConfigurationIsVisible = 0;
			defaultConfigurationName = Release;
		};
/* End XCConfigurationList section */
	};
	rootObject = 5B6709C124A395E200C4D1D7 /* Project object */;
}
